
Microsoft Visual Studio Solution File, Format Version 12.00
# Visual Studio 15
VisualStudioVersion = 15.0.28307.539
MinimumVisualStudioVersion = 10.0.40219.1
Project("{FAE04EC0-301F-11D3-BF4B-00C04F79EFBC}") = "EasyPayLibrary", "EasyPayLibrary\EasyPayLibrary.csproj", "{648B9F8D-963A-4D2B-8CB7-3F8B57ECEB73}"
EndProject
Project("{FAE04EC0-301F-11D3-BF4B-00C04F79EFBC}") = "EasyPayTests", "EasyPayTests\EasyPayTests.csproj", "{3C5BCC82-1EB0-4242-960E-D79875023EA9}"
EndProject
Project("{FAE04EC0-301F-11D3-BF4B-00C04F79EFBC}") = "SeleniumExtentReport", "SeleniumExtentReport\SeleniumExtentReport.csproj", "{CE92E6A0-BC60-4F99-96B9-83CF6C4B971E}"
EndProject
Project("{FAE04EC0-301F-11D3-BF4B-00C04F79EFBC}") = "DatabaseManager", "DatabaseManager\DatabaseManager.csproj", "{080C8744-8B6E-408F-84EC-307D4D30B60E}"
EndProject
Global
	GlobalSection(SolutionConfigurationPlatforms) = preSolution
		Debug|Any CPU = Debug|Any CPU
		Release|Any CPU = Release|Any CPU
	EndGlobalSection
	GlobalSection(ProjectConfigurationPlatforms) = postSolution
		{648B9F8D-963A-4D2B-8CB7-3F8B57ECEB73}.Debug|Any CPU.ActiveCfg = Debug|Any CPU
		{648B9F8D-963A-4D2B-8CB7-3F8B57ECEB73}.Debug|Any CPU.Build.0 = Debug|Any CPU
		{648B9F8D-963A-4D2B-8CB7-3F8B57ECEB73}.Release|Any CPU.ActiveCfg = Release|Any CPU
		{648B9F8D-963A-4D2B-8CB7-3F8B57ECEB73}.Release|Any CPU.Build.0 = Release|Any CPU
		{3C5BCC82-1EB0-4242-960E-D79875023EA9}.Debug|Any CPU.ActiveCfg = Debug|Any CPU
		{3C5BCC82-1EB0-4242-960E-D79875023EA9}.Debug|Any CPU.Build.0 = Debug|Any CPU
		{3C5BCC82-1EB0-4242-960E-D79875023EA9}.Release|Any CPU.ActiveCfg = Release|Any CPU
		{3C5BCC82-1EB0-4242-960E-D79875023EA9}.Release|Any CPU.Build.0 = Release|Any CPU
		{CE92E6A0-BC60-4F99-96B9-83CF6C4B971E}.Debug|Any CPU.ActiveCfg = Debug|Any CPU
		{CE92E6A0-BC60-4F99-96B9-83CF6C4B971E}.Debug|Any CPU.Build.0 = Debug|Any CPU
		{CE92E6A0-BC60-4F99-96B9-83CF6C4B971E}.Release|Any CPU.ActiveCfg = Release|Any CPU
		{CE92E6A0-BC60-4F99-96B9-83CF6C4B971E}.Release|Any CPU.Build.0 = Release|Any CPU
		{080C8744-8B6E-408F-84EC-307D4D30B60E}.Debug|Any CPU.ActiveCfg = Debug|Any CPU
		{080C8744-8B6E-408F-84EC-307D4D30B60E}.Debug|Any CPU.Build.0 = Debug|Any CPU
		{080C8744-8B6E-408F-84EC-307D4D30B60E}.Release|Any CPU.ActiveCfg = Release|Any CPU
		{080C8744-8B6E-408F-84EC-307D4D30B60E}.Release|Any CPU.Build.0 = Release|Any CPU
	EndGlobalSection
	GlobalSection(SolutionProperties) = preSolution
		HideSolutionNode = FALSE
	EndGlobalSection
	GlobalSection(ExtensibilityGlobals) = postSolution
		SolutionGuid = {23D7D990-F2EB-4167-880B-FB048D8C6AB4}
	EndGlobalSection
EndGlobal
